
Microsoft Visual Studio Solution File, Format Version 12.00
# Visual Studio 15
VisualStudioVersion = 15.0.27428.1
MinimumVisualStudioVersion = 10.0.40219.1
Project("{FAE04EC0-301F-11D3-BF4B-00C04F79EFBC}") = "SiteAdocoes", "Clinica\SiteAdocoes.csproj", "{CDF941A6-8051-43AA-BD34-6D66C16176ED}"
EndProject
Project("{FAE04EC0-301F-11D3-BF4B-00C04F79EFBC}") = "Adocoes.Tests", "Adocoes.Tests\Adocoes.Tests.csproj", "{2701D9C3-B3FB-4C83-99B1-C54541486D18}"
EndProject
Global
	GlobalSection(SolutionConfigurationPlatforms) = preSolution
		Debug|Any CPU = Debug|Any CPU
		Release|Any CPU = Release|Any CPU
	EndGlobalSection
	GlobalSection(ProjectConfigurationPlatforms) = postSolution
		{CDF941A6-8051-43AA-BD34-6D66C16176ED}.Debug|Any CPU.ActiveCfg = Debug|Any CPU
		{CDF941A6-8051-43AA-BD34-6D66C16176ED}.Debug|Any CPU.Build.0 = Debug|Any CPU
		{CDF941A6-8051-43AA-BD34-6D66C16176ED}.Release|Any CPU.ActiveCfg = Release|Any CPU
		{CDF941A6-8051-43AA-BD34-6D66C16176ED}.Release|Any CPU.Build.0 = Release|Any CPU
		{2701D9C3-B3FB-4C83-99B1-C54541486D18}.Debug|Any CPU.ActiveCfg = Debug|Any CPU
		{2701D9C3-B3FB-4C83-99B1-C54541486D18}.Debug|Any CPU.Build.0 = Debug|Any CPU
		{2701D9C3-B3FB-4C83-99B1-C54541486D18}.Release|Any CPU.ActiveCfg = Release|Any CPU
		{2701D9C3-B3FB-4C83-99B1-C54541486D18}.Release|Any CPU.Build.0 = Release|Any CPU
	EndGlobalSection
	GlobalSection(SolutionProperties) = preSolution
		HideSolutionNode = FALSE
	EndGlobalSection
	GlobalSection(ExtensibilityGlobals) = postSolution
		SolutionGuid = {5969809F-D5F5-432A-9D7B-7AFE62A3C679}
	EndGlobalSection
EndGlobal
